// !$*UTF8*$!
{
	archiveVersion = 1;
	classes = {
	};
	objectVersion = 77;
	objects = {

/* Begin PBXBuildFile section */
		379406212D516F9400712406 /* Charts.framework in Frameworks */ = {isa = PBXBuildFile; fileRef = 379406202D516F9400712406 /* Charts.framework */; };
		37B181602D51DD0D00EBA9BF /* Appwrite in Frameworks */ = {isa = PBXBuildFile; productRef = 37B181812D51DD0D00EBA9BF /* Appwrite */; };
		37B181612D51DD0D00EBA9BF /* Info.plist in Resources */ = {isa = PBXBuildFile; fileRef = 37B181822D51DD0D00EBA9BF /* Info.plist */; };
/* End PBXBuildFile section */

/* Begin PBXContainerItemProxy section */
		379405262D5147AB00712406 /* PBXContainerItemProxy */ = {
			isa = PBXContainerItemProxy;
			containerPortal = 3794050B2D5147A800712406 /* Project object */;
			proxyType = 1;
			remoteGlobalIDString = 379405122D5147A800712406;
			remoteInfo = "Reel-AI";
		};
		379405302D5147AB00712406 /* PBXContainerItemProxy */ = {
			isa = PBXContainerItemProxy;
			containerPortal = 3794050B2D5147A800712406 /* Project object */;
			proxyType = 1;
			remoteGlobalIDString = 379405122D5147A800712406;
			remoteInfo = "Reel-AI";
		};
/* End PBXContainerItemProxy section */

/* Begin PBXFileReference section */
		379405132D5147A800712406 /* Reel-AI.app */ = {isa = PBXFileReference; explicitFileType = wrapper.application; includeInIndex = 0; path = "Reel-AI.app"; sourceTree = BUILT_PRODUCTS_DIR; };
		379405252D5147AB00712406 /* Reel-AITests.xctest */ = {isa = PBXFileReference; explicitFileType = wrapper.cfbundle; includeInIndex = 0; path = "Reel-AITests.xctest"; sourceTree = BUILT_PRODUCTS_DIR; };
		3794052F2D5147AB00712406 /* Reel-AIUITests.xctest */ = {isa = PBXFileReference; explicitFileType = wrapper.cfbundle; includeInIndex = 0; path = "Reel-AIUITests.xctest"; sourceTree = BUILT_PRODUCTS_DIR; };
		379406202D516F9400712406 /* Charts.framework */ = {isa = PBXFileReference; lastKnownFileType = wrapper.framework; name = Charts.framework; path = System/Library/Frameworks/Charts.framework; sourceTree = SDKROOT; };
		37B181822D51DD0D00EBA9BF /* Info.plist */ = {isa = PBXFileReference; lastKnownFileType = text.plist.xml; path = Info.plist; sourceTree = "<group>"; };
/* End PBXFileReference section */

/* Begin PBXFileSystemSynchronizedRootGroup section */
		379405152D5147A800712406 /* Reel-AI */ = {
			isa = PBXFileSystemSynchronizedRootGroup;
			path = "Reel-AI";
			sourceTree = "<group>";
		};
		379405282D5147AB00712406 /* Reel-AITests */ = {
			isa = PBXFileSystemSynchronizedRootGroup;
			path = "Reel-AITests";
			sourceTree = "<group>";
		};
		379405322D5147AB00712406 /* Reel-AIUITests */ = {
			isa = PBXFileSystemSynchronizedRootGroup;
			path = "Reel-AIUITests";
			sourceTree = "<group>";
		};
/* End PBXFileSystemSynchronizedRootGroup section */

/* Begin PBXFrameworksBuildPhase section */
		379405102D5147A800712406 /* Frameworks */ = {
			isa = PBXFrameworksBuildPhase;
			buildActionMask = 2147483647;
			files = (
				379406212D516F9400712406 /* Charts.framework in Frameworks */,
				37B181602D51DD0D00EBA9BF /* Appwrite in Frameworks */,
			);
			runOnlyForDeploymentPostprocessing = 0;
		};
		379405222D5147AB00712406 /* Frameworks */ = {
			isa = PBXFrameworksBuildPhase;
			buildActionMask = 2147483647;
			files = (
			);
			runOnlyForDeploymentPostprocessing = 0;
		};
		3794052C2D5147AB00712406 /* Frameworks */ = {
			isa = PBXFrameworksBuildPhase;
			buildActionMask = 2147483647;
			files = (
			);
			runOnlyForDeploymentPostprocessing = 0;
		};
/* End PBXFrameworksBuildPhase section */

/* Begin PBXGroup section */
		3794050A2D5147A800712406 = {
			isa = PBXGroup;
			children = (
				379405152D5147A800712406 /* Reel-AI */,
				379405282D5147AB00712406 /* Reel-AITests */,
				379405322D5147AB00712406 /* Reel-AIUITests */,
				3794061D2D516F8900712406 /* Frameworks */,
				379405142D5147A800712406 /* Products */,
			);
			sourceTree = "<group>";
		};
		379405142D5147A800712406 /* Products */ = {
			isa = PBXGroup;
			children = (
				379405132D5147A800712406 /* Reel-AI.app */,
				379405252D5147AB00712406 /* Reel-AITests.xctest */,
				3794052F2D5147AB00712406 /* Reel-AIUITests.xctest */,
			);
			name = Products;
			sourceTree = "<group>";
		};
		3794061D2D516F8900712406 /* Frameworks */ = {
			isa = PBXGroup;
			children = (
				379406202D516F9400712406 /* Charts.framework */,
			);
			name = Frameworks;
			sourceTree = "<group>";
		};
		379405152D5147A800712406 /* Reel-AI */ = {
			isa = PBXGroup;
			children = (
				37B181822D51DD0D00EBA9BF /* Info.plist */,
			);
			path = "Reel-AI";
			sourceTree = "<group>";
		};
/* End PBXGroup section */

/* Begin PBXNativeTarget section */
		379405122D5147A800712406 /* Reel-AI */ = {
			isa = PBXNativeTarget;
			buildConfigurationList = 379405392D5147AB00712406 /* Build configuration list for PBXNativeTarget "Reel-AI" */;
			buildPhases = (
				3794050F2D5147A800712406 /* Sources */,
				379405102D5147A800712406 /* Frameworks */,
				379405112D5147A800712406 /* Resources */,
			);
			buildRules = (
			);
			dependencies = (
			);
			name = "Reel-AI";
			packageProductDependencies = (
				37B181812D51DD0D00EBA9BF /* Appwrite */,
			);
			productName = "Reel-AI";
			productReference = 379405132D5147A800712406 /* Reel-AI.app */;
			productType = "com.apple.product-type.application";
		};
		379405242D5147AB00712406 /* Reel-AITests */ = {
			isa = PBXNativeTarget;
			buildConfigurationList = 3794053C2D5147AB00712406 /* Build configuration list for PBXNativeTarget "Reel-AITests" */;
			buildPhases = (
				379405212D5147AB00712406 /* Sources */,
				379405222D5147AB00712406 /* Frameworks */,
				379405232D5147AB00712406 /* Resources */,
			);
			buildRules = (
			);
			dependencies = (
				379405272D5147AB00712406 /* PBXTargetDependency */,
			);
			fileSystemSynchronizedGroups = (
				379405282D5147AB00712406 /* Reel-AITests */,
			);
			name = "Reel-AITests";
			productName = "Reel-AITests";
			productReference = 379405252D5147AB00712406 /* Reel-AITests.xctest */;
			productType = "com.apple.product-type.bundle.unit-test";
		};
		3794052E2D5147AB00712406 /* Reel-AIUITests */ = {
			isa = PBXNativeTarget;
			buildConfigurationList = 3794053F2D5147AB00712406 /* Build configuration list for PBXNativeTarget "Reel-AIUITests" */;
			buildPhases = (
				3794052B2D5147AB00712406 /* Sources */,
				3794052C2D5147AB00712406 /* Frameworks */,
				3794052D2D5147AB00712406 /* Resources */,
			);
			buildRules = (
			);
			dependencies = (
				379405312D5147AB00712406 /* PBXTargetDependency */,
			);
			fileSystemSynchronizedGroups = (
				379405322D5147AB00712406 /* Reel-AIUITests */,
			);
			name = "Reel-AIUITests";
			productName = "Reel-AIUITests";
			productReference = 3794052F2D5147AB00712406 /* Reel-AIUITests.xctest */;
			productType = "com.apple.product-type.bundle.ui-testing";
		};
/* End PBXNativeTarget section */

/* Begin PBXProject section */
		3794050B2D5147A800712406 /* Project object */ = {
			isa = PBXProject;
			attributes = {
				BuildIndependentTargetsInParallel = 1;
				LastSwiftUpdateCheck = 1620;
				LastUpgradeCheck = 1620;
				TargetAttributes = {
					379405122D5147A800712406 = {
						CreatedOnToolsVersion = 16.2;
					};
					379405242D5147AB00712406 = {
						CreatedOnToolsVersion = 16.2;
						TestTargetID = 379405122D5147A800712406;
					};
					3794052E2D5147AB00712406 = {
						CreatedOnToolsVersion = 16.2;
						TestTargetID = 379405122D5147A800712406;
					};
				};
			};
			buildConfigurationList = 3794050E2D5147A800712406 /* Build configuration list for PBXProject "Reel-AI" */;
			developmentRegion = en;
			hasScannedForEncodings = 0;
			knownRegions = (
				en,
				Base,
			);
			mainGroup = 3794050A2D5147A800712406;
			minimizedProjectReferenceProxies = 1;
			packageReferences = (
				37B1815E2D51DD0D00EBA9BF /* XCRemoteSwiftPackageReference "sdk-for-swift" */,
			);
			preferredProjectObjectVersion = 77;
			productRefGroup = 379405142D5147A800712406 /* Products */;
			projectDirPath = "";
			projectRoot = "";
			targets = (
				379405122D5147A800712406 /* Reel-AI */,
				379405242D5147AB00712406 /* Reel-AITests */,
				3794052E2D5147AB00712406 /* Reel-AIUITests */,
			);
		};
/* End PBXProject section */

/* Begin PBXResourcesBuildPhase section */
		379405112D5147A800712406 /* Resources */ = {
			isa = PBXResourcesBuildPhase;
			buildActionMask = 2147483647;
			files = (
			);
			runOnlyForDeploymentPostprocessing = 0;
		};
		379405232D5147AB00712406 /* Resources */ = {
			isa = PBXResourcesBuildPhase;
			buildActionMask = 2147483647;
			files = (
			);
			runOnlyForDeploymentPostprocessing = 0;
		};
		3794052D2D5147AB00712406 /* Resources */ = {
			isa = PBXResourcesBuildPhase;
			buildActionMask = 2147483647;
			files = (
			);
			runOnlyForDeploymentPostprocessing = 0;
		};
/* End PBXResourcesBuildPhase section */

/* Begin PBXSourcesBuildPhase section */
		3794050F2D5147A800712406 /* Sources */ = {
			isa = PBXSourcesBuildPhase;
			buildActionMask = 2147483647;
			files = (
			);
			runOnlyForDeploymentPostprocessing = 0;
		};
		379405212D5147AB00712406 /* Sources */ = {
			isa = PBXSourcesBuildPhase;
			buildActionMask = 2147483647;
			files = (
			);
			runOnlyForDeploymentPostprocessing = 0;
		};
		3794052B2D5147AB00712406 /* Sources */ = {
			isa = PBXSourcesBuildPhase;
			buildActionMask = 2147483647;
			files = (
			);
			runOnlyForDeploymentPostprocessing = 0;
		};
/* End PBXSourcesBuildPhase section */

/* Begin PBXTargetDependency section */
		379405272D5147AB00712406 /* PBXTargetDependency */ = {
			isa = PBXTargetDependency;
			target = 379405122D5147A800712406 /* Reel-AI */;
			targetProxy = 379405262D5147AB00712406 /* PBXContainerItemProxy */;
		};
		379405312D5147AB00712406 /* PBXTargetDependency */ = {
			isa = PBXTargetDependency;
			target = 379405122D5147A800712406 /* Reel-AI */;
			targetProxy = 379405302D5147AB00712406 /* PBXContainerItemProxy */;
		};
/* End PBXTargetDependency section */

/* Begin XCBuildConfiguration section */
		379405372D5147AB00712406 /* Debug */ = {
			isa = XCBuildConfiguration;
			buildSettings = {
				ALWAYS_SEARCH_USER_PATHS = NO;
				ASSETCATALOG_COMPILER_GENERATE_SWIFT_ASSET_SYMBOL_EXTENSIONS = YES;
				BUILD_LIBRARY_FOR_DISTRIBUTION = YES;
				CLANG_ANALYZER_NONNULL = YES;
				CLANG_ANALYZER_NUMBER_OBJECT_CONVERSION = YES_AGGRESSIVE;
				CLANG_CXX_LANGUAGE_STANDARD = "gnu++20";
				CLANG_ENABLE_MODULES = YES;
				CLANG_ENABLE_OBJC_ARC = YES;
				CLANG_ENABLE_OBJC_WEAK = YES;
				CLANG_WARN_BLOCK_CAPTURE_AUTORELEASING = YES;
				CLANG_WARN_BOOL_CONVERSION = YES;
				CLANG_WARN_COMMA = YES;
				CLANG_WARN_CONSTANT_CONVERSION = YES;
				CLANG_WARN_DEPRECATED_OBJC_IMPLEMENTATIONS = YES;
				CLANG_WARN_DIRECT_OBJC_ISA_USAGE = YES_ERROR;
				CLANG_WARN_DOCUMENTATION_COMMENTS = YES;
				CLANG_WARN_EMPTY_BODY = YES;
				CLANG_WARN_ENUM_CONVERSION = YES;
				CLANG_WARN_INFINITE_RECURSION = YES;
				CLANG_WARN_INT_CONVERSION = YES;
				CLANG_WARN_NON_LITERAL_NULL_CONVERSION = YES;
				CLANG_WARN_OBJC_IMPLICIT_RETAIN_SELF = YES;
				CLANG_WARN_OBJC_LITERAL_CONVERSION = YES;
				CLANG_WARN_OBJC_ROOT_CLASS = YES_ERROR;
				CLANG_WARN_QUOTED_INCLUDE_IN_FRAMEWORK_HEADER = YES;
				CLANG_WARN_RANGE_LOOP_ANALYSIS = YES;
				CLANG_WARN_STRICT_PROTOTYPES = YES;
				CLANG_WARN_SUSPICIOUS_MOVE = YES;
				CLANG_WARN_UNGUARDED_AVAILABILITY = YES_AGGRESSIVE;
				CLANG_WARN_UNREACHABLE_CODE = YES;
				CLANG_WARN__DUPLICATE_METHOD_MATCH = YES;
				COPY_PHASE_STRIP = NO;
				DEBUG_INFORMATION_FORMAT = dwarf;
				ENABLE_STRICT_OBJC_MSGSEND = YES;
				ENABLE_TESTABILITY = YES;
				ENABLE_USER_SCRIPT_SANDBOXING = YES;
				GCC_C_LANGUAGE_STANDARD = gnu17;
				GCC_DYNAMIC_NO_PIC = NO;
				GCC_NO_COMMON_BLOCKS = YES;
				GCC_OPTIMIZATION_LEVEL = 0;
				GCC_PREPROCESSOR_DEFINITIONS = (
					"DEBUG=1",
					"$(inherited)",
				);
				GCC_WARN_64_TO_32_BIT_CONVERSION = YES;
				GCC_WARN_ABOUT_RETURN_TYPE = YES_ERROR;
				GCC_WARN_UNDECLARED_SELECTOR = YES;
				GCC_WARN_UNINITIALIZED_AUTOS = YES_AGGRESSIVE;
				GCC_WARN_UNUSED_FUNCTION = YES;
				GCC_WARN_UNUSED_VARIABLE = YES;
				IPHONEOS_DEPLOYMENT_TARGET = 16.0;
				LOCALIZATION_PREFERS_STRING_CATALOGS = YES;
				MTL_ENABLE_DEBUG_INFO = INCLUDE_SOURCE;
				MTL_FAST_MATH = YES;
				ONLY_ACTIVE_ARCH = YES;
				SDKROOT = iphoneos;
				SWIFT_ACTIVE_COMPILATION_CONDITIONS = "DEBUG $(inherited)";
				SWIFT_OPTIMIZATION_LEVEL = "-Onone";
			};
			name = Debug;
		};
		379405382D5147AB00712406 /* Release */ = {
			isa = XCBuildConfiguration;
			buildSettings = {
				ALWAYS_SEARCH_USER_PATHS = NO;
				ASSETCATALOG_COMPILER_GENERATE_SWIFT_ASSET_SYMBOL_EXTENSIONS = YES;
				BUILD_LIBRARY_FOR_DISTRIBUTION = YES;
				CLANG_ANALYZER_NONNULL = YES;
				CLANG_ANALYZER_NUMBER_OBJECT_CONVERSION = YES_AGGRESSIVE;
				CLANG_CXX_LANGUAGE_STANDARD = "gnu++20";
				CLANG_ENABLE_MODULES = YES;
				CLANG_ENABLE_OBJC_ARC = YES;
				CLANG_ENABLE_OBJC_WEAK = YES;
				CLANG_WARN_BLOCK_CAPTURE_AUTORELEASING = YES;
				CLANG_WARN_BOOL_CONVERSION = YES;
				CLANG_WARN_COMMA = YES;
				CLANG_WARN_CONSTANT_CONVERSION = YES;
				CLANG_WARN_DEPRECATED_OBJC_IMPLEMENTATIONS = YES;
				CLANG_WARN_DIRECT_OBJC_ISA_USAGE = YES_ERROR;
				CLANG_WARN_DOCUMENTATION_COMMENTS = YES;
				CLANG_WARN_EMPTY_BODY = YES;
				CLANG_WARN_ENUM_CONVERSION = YES;
				CLANG_WARN_INFINITE_RECURSION = YES;
				CLANG_WARN_INT_CONVERSION = YES;
				CLANG_WARN_NON_LITERAL_NULL_CONVERSION = YES;
				CLANG_WARN_OBJC_IMPLICIT_RETAIN_SELF = YES;
				CLANG_WARN_OBJC_LITERAL_CONVERSION = YES;
				CLANG_WARN_OBJC_ROOT_CLASS = YES_ERROR;
				CLANG_WARN_QUOTED_INCLUDE_IN_FRAMEWORK_HEADER = YES;
				CLANG_WARN_RANGE_LOOP_ANALYSIS = YES;
				CLANG_WARN_STRICT_PROTOTYPES = YES;
				CLANG_WARN_SUSPICIOUS_MOVE = YES;
				CLANG_WARN_UNGUARDED_AVAILABILITY = YES_AGGRESSIVE;
				CLANG_WARN_UNREACHABLE_CODE = YES;
				CLANG_WARN__DUPLICATE_METHOD_MATCH = YES;
				COPY_PHASE_STRIP = NO;
				DEBUG_INFORMATION_FORMAT = "dwarf-with-dsym";
				ENABLE_NS_ASSERTIONS = NO;
				ENABLE_STRICT_OBJC_MSGSEND = YES;
				ENABLE_USER_SCRIPT_SANDBOXING = YES;
				GCC_C_LANGUAGE_STANDARD = gnu17;
				GCC_NO_COMMON_BLOCKS = YES;
				GCC_WARN_64_TO_32_BIT_CONVERSION = YES;
				GCC_WARN_ABOUT_RETURN_TYPE = YES_ERROR;
				GCC_WARN_UNDECLARED_SELECTOR = YES;
				GCC_WARN_UNINITIALIZED_AUTOS = YES_AGGRESSIVE;
				GCC_WARN_UNUSED_FUNCTION = YES;
				GCC_WARN_UNUSED_VARIABLE = YES;
				IPHONEOS_DEPLOYMENT_TARGET = 18.2;
				LOCALIZATION_PREFERS_STRING_CATALOGS = YES;
				MTL_ENABLE_DEBUG_INFO = NO;
				MTL_FAST_MATH = YES;
				OTHER_LDFLAGS = (
					"-all_load",
					"-ObjC",
				);
				SDKROOT = iphoneos;
				SWIFT_COMPILATION_MODE = wholemodule;
				VALIDATE_PRODUCT = YES;
			};
			name = Release;
		};
		3794053A2D5147AB00712406 /* Debug */ = {
			isa = XCBuildConfiguration;
			buildSettings = {
				ASSETCATALOG_COMPILER_APPICON_NAME = AppIcon;
				ASSETCATALOG_COMPILER_GLOBAL_ACCENT_COLOR_NAME = AccentColor;
				BUILD_LIBRARY_FOR_DISTRIBUTION = NO;
				CODE_SIGN_STYLE = Automatic;
				CURRENT_PROJECT_VERSION = 1;
				DEVELOPMENT_ASSET_PATHS = "\"Reel-AI/Preview Content\"";
				DEVELOPMENT_TEAM = JAAQKRTXQ6;
				ENABLE_PREVIEWS = YES;
				GENERATE_INFOPLIST_FILE = NO;
				INFOPLIST_FILE = "Reel-AI/Info.plist";
				INFOPLIST_KEY_UIApplicationSceneManifest_Generation = YES;
				INFOPLIST_KEY_UIApplicationSupportsIndirectInputEvents = YES;
				INFOPLIST_KEY_UILaunchScreen_Generation = YES;
				INFOPLIST_KEY_UISupportedInterfaceOrientations_iPad = "UIInterfaceOrientationPortrait UIInterfaceOrientationPortraitUpsideDown UIInterfaceOrientationLandscapeLeft UIInterfaceOrientationLandscapeRight";
				INFOPLIST_KEY_UISupportedInterfaceOrientations_iPhone = "UIInterfaceOrientationPortrait UIInterfaceOrientationLandscapeLeft UIInterfaceOrientationLandscapeRight";
				LD_RUNPATH_SEARCH_PATHS = (
					"$(inherited)",
					"@executable_path/Frameworks",
				);
				MARKETING_VERSION = 1.0;
				PRODUCT_BUNDLE_IDENTIFIER = "gauntletai.Reel-AI";
				PRODUCT_NAME = "$(TARGET_NAME)";
				SDKROOT = iphoneos;
				SUPPORTED_PLATFORMS = "iphoneos iphonesimulator";
				SUPPORTS_MACCATALYST = NO;
				SWIFT_EMIT_LOC_STRINGS = YES;
				SWIFT_VERSION = 5.0;
				TARGETED_DEVICE_FAMILY = "1,2";
			};
			name = Debug;
		};
		3794053B2D5147AB00712406 /* Release */ = {
			isa = XCBuildConfiguration;
			buildSettings = {
				ASSETCATALOG_COMPILER_APPICON_NAME = AppIcon;
				ASSETCATALOG_COMPILER_GLOBAL_ACCENT_COLOR_NAME = AccentColor;
				BUILD_LIBRARY_FOR_DISTRIBUTION = YES;
				CODE_SIGN_STYLE = Automatic;
				CURRENT_PROJECT_VERSION = 1;
				DEVELOPMENT_ASSET_PATHS = "\"Reel-AI/Preview Content\"";
				DEVELOPMENT_TEAM = JAAQKRTXQ6;
				ENABLE_PREVIEWS = YES;
				GENERATE_INFOPLIST_FILE = YES;
				INFOPLIST_KEY_UIApplicationSceneManifest_Generation = YES;
				INFOPLIST_KEY_UIApplicationSupportsIndirectInputEvents = YES;
				INFOPLIST_KEY_UILaunchScreen_Generation = YES;
				INFOPLIST_KEY_UISupportedInterfaceOrientations_iPad = "UIInterfaceOrientationPortrait UIInterfaceOrientationPortraitUpsideDown UIInterfaceOrientationLandscapeLeft UIInterfaceOrientationLandscapeRight";
				INFOPLIST_KEY_UISupportedInterfaceOrientations_iPhone = "UIInterfaceOrientationPortrait UIInterfaceOrientationLandscapeLeft UIInterfaceOrientationLandscapeRight";
				LD_RUNPATH_SEARCH_PATHS = (
					"$(inherited)",
					"@executable_path/Frameworks",
				);
				MARKETING_VERSION = 1.0;
				OTHER_LDFLAGS = (
					"-ObjC",
					"$(inherited)",
				);
				PRODUCT_BUNDLE_IDENTIFIER = "gauntletai.Reel-AI";
				PRODUCT_NAME = "$(TARGET_NAME)";
				SWIFT_EMIT_LOC_STRINGS = YES;
				SWIFT_VERSION = 5.0;
				TARGETED_DEVICE_FAMILY = "1,2";
			};
			name = Release;
		};
		3794053D2D5147AB00712406 /* Debug */ = {
			isa = XCBuildConfiguration;
			buildSettings = {
				BUNDLE_LOADER = "$(TEST_HOST)";
				CODE_SIGN_STYLE = Automatic;
				CURRENT_PROJECT_VERSION = 1;
				GENERATE_INFOPLIST_FILE = YES;
				IPHONEOS_DEPLOYMENT_TARGET = 18.2;
				MARKETING_VERSION = 1.0;
				PRODUCT_BUNDLE_IDENTIFIER = "gauntletai.Reel-AITests";
				PRODUCT_NAME = "$(TARGET_NAME)";
				SWIFT_EMIT_LOC_STRINGS = NO;
				SWIFT_VERSION = 5.0;
				TARGETED_DEVICE_FAMILY = "1,2";
				TEST_HOST = "$(BUILT_PRODUCTS_DIR)/Reel-AI.app/$(BUNDLE_EXECUTABLE_FOLDER_PATH)/Reel-AI";
			};
			name = Debug;
		};
		3794053E2D5147AB00712406 /* Release */ = {
			isa = XCBuildConfiguration;
			buildSettings = {
				BUNDLE_LOADER = "$(TEST_HOST)";
				CODE_SIGN_STYLE = Automatic;
				CURRENT_PROJECT_VERSION = 1;
				GENERATE_INFOPLIST_FILE = YES;
				IPHONEOS_DEPLOYMENT_TARGET = 18.2;
				MARKETING_VERSION = 1.0;
				PRODUCT_BUNDLE_IDENTIFIER = "gauntletai.Reel-AITests";
				PRODUCT_NAME = "$(TARGET_NAME)";
				SWIFT_EMIT_LOC_STRINGS = NO;
				SWIFT_VERSION = 5.0;
				TARGETED_DEVICE_FAMILY = "1,2";
				TEST_HOST = "$(BUILT_PRODUCTS_DIR)/Reel-AI.app/$(BUNDLE_EXECUTABLE_FOLDER_PATH)/Reel-AI";
			};
			name = Release;
		};
		379405402D5147AB00712406 /* Debug */ = {
			isa = XCBuildConfiguration;
			buildSettings = {
				CODE_SIGN_STYLE = Automatic;
				CURRENT_PROJECT_VERSION = 1;
				GENERATE_INFOPLIST_FILE = YES;
				MARKETING_VERSION = 1.0;
				PRODUCT_BUNDLE_IDENTIFIER = "gauntletai.Reel-AIUITests";
				PRODUCT_NAME = "$(TARGET_NAME)";
				SWIFT_EMIT_LOC_STRINGS = NO;
				SWIFT_VERSION = 5.0;
				TARGETED_DEVICE_FAMILY = "1,2";
				TEST_TARGET_NAME = "Reel-AI";
			};
			name = Debug;
		};
		379405412D5147AB00712406 /* Release */ = {
			isa = XCBuildConfiguration;
			buildSettings = {
				CODE_SIGN_STYLE = Automatic;
				CURRENT_PROJECT_VERSION = 1;
				GENERATE_INFOPLIST_FILE = YES;
				MARKETING_VERSION = 1.0;
				PRODUCT_BUNDLE_IDENTIFIER = "gauntletai.Reel-AIUITests";
				PRODUCT_NAME = "$(TARGET_NAME)";
				SWIFT_EMIT_LOC_STRINGS = NO;
				SWIFT_VERSION = 5.0;
				TARGETED_DEVICE_FAMILY = "1,2";
				TEST_TARGET_NAME = "Reel-AI";
			};
			name = Release;
		};
/* End XCBuildConfiguration section */

/* Begin XCConfigurationList section */
		3794050E2D5147A800712406 /* Build configuration list for PBXProject "Reel-AI" */ = {
			isa = XCConfigurationList;
			buildConfigurations = (
				379405372D5147AB00712406 /* Debug */,
				379405382D5147AB00712406 /* Release */,
			);
			defaultConfigurationIsVisible = 0;
			defaultConfigurationName = Release;
		};
		379405392D5147AB00712406 /* Build configuration list for PBXNativeTarget "Reel-AI" */ = {
			isa = XCConfigurationList;
			buildConfigurations = (
				3794053A2D5147AB00712406 /* Debug */,
				3794053B2D5147AB00712406 /* Release */,
			);
			defaultConfigurationIsVisible = 0;
			defaultConfigurationName = Release;
		};
		3794053C2D5147AB00712406 /* Build configuration list for PBXNativeTarget "Reel-AITests" */ = {
			isa = XCConfigurationList;
			buildConfigurations = (
				3794053D2D5147AB00712406 /* Debug */,
				3794053E2D5147AB00712406 /* Release */,
			);
			defaultConfigurationIsVisible = 0;
			defaultConfigurationName = Release;
		};
		3794053F2D5147AB00712406 /* Build configuration list for PBXNativeTarget "Reel-AIUITests" */ = {
			isa = XCConfigurationList;
			buildConfigurations = (
				379405402D5147AB00712406 /* Debug */,
				379405412D5147AB00712406 /* Release */,
			);
			defaultConfigurationIsVisible = 0;
			defaultConfigurationName = Release;
		};
/* End XCConfigurationList section */

/* Begin XCRemoteSwiftPackageReference section */
		37B1815E2D51DD0D00EBA9BF /* XCRemoteSwiftPackageReference "sdk-for-swift" */ = {
			isa = XCRemoteSwiftPackageReference;
			repositoryURL = "https://github.com/appwrite/sdk-for-swift";
			requirement = {
				kind = upToNextMajorVersion;
				minimumVersion = 7.0.0;
			};
		};
/* End XCRemoteSwiftPackageReference section */
	};
	rootObject = 3794050B2D5147A800712406 /* Project object */;
}
