// !$*UTF8*$!
{
	archiveVersion = 1;
	classes = {
	};
	objectVersion = 54;
	objects = {

/* Begin PBXBuildFile section */
		05D0FA1BEC25D068F3311906 /* MuxConfig.swift in Sources */ = {isa = PBXBuildFile; fileRef = 02BB0A7F2AA72C804739DE19 /* MuxConfig.swift */; };
		060B49D7270A8039BCFBE888 /* Appwrite in Frameworks */ = {isa = PBXBuildFile; productRef = DAAB4472A871DCDB13E8275C /* Appwrite */; };
		0E6304E9476720F6E552EE7A /* AuthViewModel.swift in Sources */ = {isa = PBXBuildFile; fileRef = 5512BA1AFBE5DBFEA5C979C9 /* AuthViewModel.swift */; };
		16FFC00B803F8F4C88881DB7 /* MainTabView.swift in Sources */ = {isa = PBXBuildFile; fileRef = 62EF1A1E57281500DE2FE919 /* MainTabView.swift */; };
		27C0ED26AC4C2F17492A80AB /* ContentView.swift in Sources */ = {isa = PBXBuildFile; fileRef = 3D65F5A28AF2224AAD2E9EAF /* ContentView.swift */; };
		356B74578609DD9019C50B18 /* UploadView.swift in Sources */ = {isa = PBXBuildFile; fileRef = 71CA08D267B8175A1A6F8407 /* UploadView.swift */; };
		3F3414DE2E73F237EB707B17 /* AppDelegate.swift in Sources */ = {isa = PBXBuildFile; fileRef = E3B8149DC6761BBFD175AAD6 /* AppDelegate.swift */; };
		493B579EEFE044512A814E3B /* main.swift in Sources */ = {isa = PBXBuildFile; fileRef = 31FE89E9CB5F3E0745438298 /* main.swift */; };
		58832B9004F0578D6EE9C476 /* CustomTabBar.swift in Sources */ = {isa = PBXBuildFile; fileRef = 96A3F6D78443A7E0BC843609 /* CustomTabBar.swift */; };
		63497E0BDA627FB1E643AAB9 /* MuxError.swift in Sources */ = {isa = PBXBuildFile; fileRef = 5B82DA7B59E39EE4F47ACB7F /* MuxError.swift */; };
		66562CB5DA50C2157AFBDDF3 /* NotificationService.swift in Sources */ = {isa = PBXBuildFile; fileRef = 5882921777D5B3E4168ED42E /* NotificationService.swift */; };
		6CE939429BF8C2C258AC6857 /* ProfileView.swift in Sources */ = {isa = PBXBuildFile; fileRef = 693239401C02CAD7B1955D25 /* ProfileView.swift */; };
		7AD6645DE6CE5882C86DFFC1 /* InboxView.swift in Sources */ = {isa = PBXBuildFile; fileRef = B15DEE9B0C98E1EB00A1CC85 /* InboxView.swift */; };
		81ACAEA16D21427FD0627358 /* MuxAPI.swift in Sources */ = {isa = PBXBuildFile; fileRef = 325E395211B0A9E393F66DE9 /* MuxAPI.swift */; };
		9B6D0D6476EE619B656266E3 /* CreatorMetricsView.swift in Sources */ = {isa = PBXBuildFile; fileRef = F82B8A5F46680C0423F497D0 /* CreatorMetricsView.swift */; };
		B68319F2A37DBECA49723626 /* AuthView.swift in Sources */ = {isa = PBXBuildFile; fileRef = 63D9875EAA39FB96E948C7FE /* AuthView.swift */; };
		B946FA3CCFC624A6E720B07E /* DiscoverView.swift in Sources */ = {isa = PBXBuildFile; fileRef = 71BC96480A9DDF664A43CC62 /* DiscoverView.swift */; };
		CA3012A2A8B0BEEBD8FF11BA /* Models.swift in Sources */ = {isa = PBXBuildFile; fileRef = 35F095F129102D40917A076D /* Models.swift */; };
		E3C18622832A664F7852036F /* LiveStreamView.swift in Sources */ = {isa = PBXBuildFile; fileRef = C36303BC77327D3DFBB196AA /* LiveStreamView.swift */; };
		E810FC164773B5D62CD837AF /* MetricsModels.swift in Sources */ = {isa = PBXBuildFile; fileRef = 9933FC25CDB8D9BA535B3866 /* MetricsModels.swift */; };
		E884FCAC95C5200A5476FF40 /* NotificationsView.swift in Sources */ = {isa = PBXBuildFile; fileRef = E49D2BA2F4128CC7D631C673 /* NotificationsView.swift */; };
		ECA68175CCED5CD597A98B84 /* AppWriteManager.swift in Sources */ = {isa = PBXBuildFile; fileRef = A0575B72413519EA651C2EB0 /* AppWriteManager.swift */; };
		EFBE9CF1A63BC4726A9A5EB3 /* Reel_AIApp.swift in Sources */ = {isa = PBXBuildFile; fileRef = 5D18CA44E906F97A855FA716 /* Reel_AIApp.swift */; };
		FB7328F3E8BCD94ECF1EB665 /* FeedView.swift in Sources */ = {isa = PBXBuildFile; fileRef = 1B2111EB41D9BD5060CB2F7A /* FeedView.swift */; };
/* End PBXBuildFile section */

/* Begin PBXFileReference section */
		02BB0A7F2AA72C804739DE19 /* MuxConfig.swift */ = {isa = PBXFileReference; lastKnownFileType = sourcecode.swift; path = MuxConfig.swift; sourceTree = "<group>"; };
		1B2111EB41D9BD5060CB2F7A /* FeedView.swift */ = {isa = PBXFileReference; lastKnownFileType = sourcecode.swift; path = FeedView.swift; sourceTree = "<group>"; };
		1B3C5DBF102DB9312A9F860C /* Info.plist */ = {isa = PBXFileReference; lastKnownFileType = text.plist; path = Info.plist; sourceTree = "<group>"; };
		31FE89E9CB5F3E0745438298 /* main.swift */ = {isa = PBXFileReference; lastKnownFileType = sourcecode.swift; path = main.swift; sourceTree = "<group>"; };
		325E395211B0A9E393F66DE9 /* MuxAPI.swift */ = {isa = PBXFileReference; lastKnownFileType = sourcecode.swift; path = MuxAPI.swift; sourceTree = "<group>"; };
		35F095F129102D40917A076D /* Models.swift */ = {isa = PBXFileReference; lastKnownFileType = sourcecode.swift; path = Models.swift; sourceTree = "<group>"; };
		3D65F5A28AF2224AAD2E9EAF /* ContentView.swift */ = {isa = PBXFileReference; lastKnownFileType = sourcecode.swift; path = ContentView.swift; sourceTree = "<group>"; };
		5512BA1AFBE5DBFEA5C979C9 /* AuthViewModel.swift */ = {isa = PBXFileReference; lastKnownFileType = sourcecode.swift; path = AuthViewModel.swift; sourceTree = "<group>"; };
		5882921777D5B3E4168ED42E /* NotificationService.swift */ = {isa = PBXFileReference; lastKnownFileType = sourcecode.swift; path = NotificationService.swift; sourceTree = "<group>"; };
		5B82DA7B59E39EE4F47ACB7F /* MuxError.swift */ = {isa = PBXFileReference; lastKnownFileType = sourcecode.swift; path = MuxError.swift; sourceTree = "<group>"; };
		5D18CA44E906F97A855FA716 /* Reel_AIApp.swift */ = {isa = PBXFileReference; lastKnownFileType = sourcecode.swift; path = Reel_AIApp.swift; sourceTree = "<group>"; };
		62EF1A1E57281500DE2FE919 /* MainTabView.swift */ = {isa = PBXFileReference; lastKnownFileType = sourcecode.swift; path = MainTabView.swift; sourceTree = "<group>"; };
		63D9875EAA39FB96E948C7FE /* AuthView.swift */ = {isa = PBXFileReference; lastKnownFileType = sourcecode.swift; path = AuthView.swift; sourceTree = "<group>"; };
		693239401C02CAD7B1955D25 /* ProfileView.swift */ = {isa = PBXFileReference; lastKnownFileType = sourcecode.swift; path = ProfileView.swift; sourceTree = "<group>"; };
		71BC96480A9DDF664A43CC62 /* DiscoverView.swift */ = {isa = PBXFileReference; lastKnownFileType = sourcecode.swift; path = DiscoverView.swift; sourceTree = "<group>"; };
		71CA08D267B8175A1A6F8407 /* UploadView.swift */ = {isa = PBXFileReference; lastKnownFileType = sourcecode.swift; path = UploadView.swift; sourceTree = "<group>"; };
		96A3F6D78443A7E0BC843609 /* CustomTabBar.swift */ = {isa = PBXFileReference; lastKnownFileType = sourcecode.swift; path = CustomTabBar.swift; sourceTree = "<group>"; };
		9933FC25CDB8D9BA535B3866 /* MetricsModels.swift */ = {isa = PBXFileReference; lastKnownFileType = sourcecode.swift; path = MetricsModels.swift; sourceTree = "<group>"; };
		A0575B72413519EA651C2EB0 /* AppWriteManager.swift */ = {isa = PBXFileReference; lastKnownFileType = sourcecode.swift; path = AppWriteManager.swift; sourceTree = "<group>"; };
		B15DEE9B0C98E1EB00A1CC85 /* InboxView.swift */ = {isa = PBXFileReference; lastKnownFileType = sourcecode.swift; path = InboxView.swift; sourceTree = "<group>"; };
		C36303BC77327D3DFBB196AA /* LiveStreamView.swift */ = {isa = PBXFileReference; lastKnownFileType = sourcecode.swift; path = LiveStreamView.swift; sourceTree = "<group>"; };
		E3B8149DC6761BBFD175AAD6 /* AppDelegate.swift */ = {isa = PBXFileReference; lastKnownFileType = sourcecode.swift; path = AppDelegate.swift; sourceTree = "<group>"; };
		E49D2BA2F4128CC7D631C673 /* NotificationsView.swift */ = {isa = PBXFileReference; lastKnownFileType = sourcecode.swift; path = NotificationsView.swift; sourceTree = "<group>"; };
		F0ADD8EED5CEE22341945C25 /* Reel-AI.app */ = {isa = PBXFileReference; includeInIndex = 0; lastKnownFileType = wrapper.application; path = "Reel-AI.app"; sourceTree = BUILT_PRODUCTS_DIR; };
		F82B8A5F46680C0423F497D0 /* CreatorMetricsView.swift */ = {isa = PBXFileReference; lastKnownFileType = sourcecode.swift; path = CreatorMetricsView.swift; sourceTree = "<group>"; };
/* End PBXFileReference section */

/* Begin PBXFrameworksBuildPhase section */
		E7511E1BD2791EB77F6959FF /* Frameworks */ = {
			isa = PBXFrameworksBuildPhase;
			buildActionMask = 2147483647;
			files = (
				060B49D7270A8039BCFBE888 /* Appwrite in Frameworks */,
			);
			runOnlyForDeploymentPostprocessing = 0;
		};
/* End PBXFrameworksBuildPhase section */

/* Begin PBXGroup section */
		3571C851B8450104D122F09C /* Config */ = {
			isa = PBXGroup;
			children = (
				325E395211B0A9E393F66DE9 /* MuxAPI.swift */,
				02BB0A7F2AA72C804739DE19 /* MuxConfig.swift */,
				5B82DA7B59E39EE4F47ACB7F /* MuxError.swift */,
			);
			path = Config;
			sourceTree = "<group>";
		};
		68647D87323136DDAAED25EF /* Products */ = {
			isa = PBXGroup;
			children = (
				F0ADD8EED5CEE22341945C25 /* Reel-AI.app */,
			);
			name = Products;
			sourceTree = "<group>";
		};
		76AE17E548D5F1A7F64224B5 /* Services */ = {
			isa = PBXGroup;
			children = (
				A0575B72413519EA651C2EB0 /* AppWriteManager.swift */,
			);
			path = Services;
			sourceTree = "<group>";
		};
		7ABBAF29226509973E207FAF /* Controllers */ = {
			isa = PBXGroup;
			children = (
				5882921777D5B3E4168ED42E /* NotificationService.swift */,
			);
			path = Controllers;
			sourceTree = "<group>";
		};
		9407577AE409DAFF1979B5CB /* Views */ = {
			isa = PBXGroup;
			children = (
				63D9875EAA39FB96E948C7FE /* AuthView.swift */,
				3D65F5A28AF2224AAD2E9EAF /* ContentView.swift */,
				F82B8A5F46680C0423F497D0 /* CreatorMetricsView.swift */,
				96A3F6D78443A7E0BC843609 /* CustomTabBar.swift */,
				71BC96480A9DDF664A43CC62 /* DiscoverView.swift */,
				1B2111EB41D9BD5060CB2F7A /* FeedView.swift */,
				B15DEE9B0C98E1EB00A1CC85 /* InboxView.swift */,
				C36303BC77327D3DFBB196AA /* LiveStreamView.swift */,
				62EF1A1E57281500DE2FE919 /* MainTabView.swift */,
				E49D2BA2F4128CC7D631C673 /* NotificationsView.swift */,
				693239401C02CAD7B1955D25 /* ProfileView.swift */,
				71CA08D267B8175A1A6F8407 /* UploadView.swift */,
			);
			path = Views;
			sourceTree = "<group>";
		};
		9900705E04C19F0B19B4DEBF /* Reel-AI */ = {
			isa = PBXGroup;
			children = (
				E3B8149DC6761BBFD175AAD6 /* AppDelegate.swift */,
				1B3C5DBF102DB9312A9F860C /* Info.plist */,
				31FE89E9CB5F3E0745438298 /* main.swift */,
				5D18CA44E906F97A855FA716 /* Reel_AIApp.swift */,
				3571C851B8450104D122F09C /* Config */,
				7ABBAF29226509973E207FAF /* Controllers */,
				B28372ABC2C6381BCABE24E5 /* Models */,
				76AE17E548D5F1A7F64224B5 /* Services */,
				9407577AE409DAFF1979B5CB /* Views */,
			);
			path = "Reel-AI";
			sourceTree = "<group>";
		};
		B28372ABC2C6381BCABE24E5 /* Models */ = {
			isa = PBXGroup;
			children = (
				5512BA1AFBE5DBFEA5C979C9 /* AuthViewModel.swift */,
				9933FC25CDB8D9BA535B3866 /* MetricsModels.swift */,
				35F095F129102D40917A076D /* Models.swift */,
			);
			path = Models;
			sourceTree = "<group>";
		};
		BD93C5DCB80D1EE53D40DD45 = {
			isa = PBXGroup;
			children = (
				9900705E04C19F0B19B4DEBF /* Reel-AI */,
				68647D87323136DDAAED25EF /* Products */,
			);
			sourceTree = "<group>";
		};
		"TEMP_FE2D7564-8508-4DA4-8C29-BF22BC33CF5C" /* Preview Content */ = {
			isa = PBXGroup;
			children = (
			);
			path = "Preview Content";
			sourceTree = "<group>";
		};
/* End PBXGroup section */

/* Begin PBXNativeTarget section */
		4B9EFC4527E3860E7799EE77 /* Reel-AI */ = {
			isa = PBXNativeTarget;
			buildConfigurationList = AD1ED712799F918B7BEA92AF /* Build configuration list for PBXNativeTarget "Reel-AI" */;
			buildPhases = (
				ED5F17E3370FBDBE3DF0AF8F /* Sources */,
				E7511E1BD2791EB77F6959FF /* Frameworks */,
			);
			buildRules = (
			);
			dependencies = (
			);
			name = "Reel-AI";
			packageProductDependencies = (
				DAAB4472A871DCDB13E8275C /* Appwrite */,
			);
			productName = "Reel-AI";
			productReference = F0ADD8EED5CEE22341945C25 /* Reel-AI.app */;
			productType = "com.apple.product-type.application";
		};
/* End PBXNativeTarget section */

/* Begin PBXProject section */
		25AFC993B3189462EAD66D21 /* Project object */ = {
			isa = PBXProject;
			attributes = {
				BuildIndependentTargetsInParallel = YES;
				LastUpgradeCheck = 1430;
				TargetAttributes = {
					4B9EFC4527E3860E7799EE77 = {
						DevelopmentTeam = JAAQKRTXQ6;
						ProvisioningStyle = Automatic;
					};
				};
			};
			buildConfigurationList = FBE6D897624CA04442F4FA7B /* Build configuration list for PBXProject "Reel-AI" */;
			compatibilityVersion = "Xcode 14.0";
			developmentRegion = en;
			hasScannedForEncodings = 0;
			knownRegions = (
				Base,
				en,
			);
			mainGroup = BD93C5DCB80D1EE53D40DD45;
			packageReferences = (
				A8BB67BE6DF7BC90F335D4B0 /* XCRemoteSwiftPackageReference "sdk-for-apple" */,
			);
			projectDirPath = "";
			projectRoot = "";
			targets = (
				4B9EFC4527E3860E7799EE77 /* Reel-AI */,
			);
		};
/* End PBXProject section */

/* Begin PBXSourcesBuildPhase section */
		ED5F17E3370FBDBE3DF0AF8F /* Sources */ = {
			isa = PBXSourcesBuildPhase;
			buildActionMask = 2147483647;
			files = (
				3F3414DE2E73F237EB707B17 /* AppDelegate.swift in Sources */,
				ECA68175CCED5CD597A98B84 /* AppWriteManager.swift in Sources */,
				B68319F2A37DBECA49723626 /* AuthView.swift in Sources */,
				0E6304E9476720F6E552EE7A /* AuthViewModel.swift in Sources */,
				27C0ED26AC4C2F17492A80AB /* ContentView.swift in Sources */,
				9B6D0D6476EE619B656266E3 /* CreatorMetricsView.swift in Sources */,
				58832B9004F0578D6EE9C476 /* CustomTabBar.swift in Sources */,
				B946FA3CCFC624A6E720B07E /* DiscoverView.swift in Sources */,
				FB7328F3E8BCD94ECF1EB665 /* FeedView.swift in Sources */,
				7AD6645DE6CE5882C86DFFC1 /* InboxView.swift in Sources */,
				E3C18622832A664F7852036F /* LiveStreamView.swift in Sources */,
				16FFC00B803F8F4C88881DB7 /* MainTabView.swift in Sources */,
				E810FC164773B5D62CD837AF /* MetricsModels.swift in Sources */,
				CA3012A2A8B0BEEBD8FF11BA /* Models.swift in Sources */,
				81ACAEA16D21427FD0627358 /* MuxAPI.swift in Sources */,
				05D0FA1BEC25D068F3311906 /* MuxConfig.swift in Sources */,
				63497E0BDA627FB1E643AAB9 /* MuxError.swift in Sources */,
				66562CB5DA50C2157AFBDDF3 /* NotificationService.swift in Sources */,
				E884FCAC95C5200A5476FF40 /* NotificationsView.swift in Sources */,
				6CE939429BF8C2C258AC6857 /* ProfileView.swift in Sources */,
				EFBE9CF1A63BC4726A9A5EB3 /* Reel_AIApp.swift in Sources */,
				356B74578609DD9019C50B18 /* UploadView.swift in Sources */,
				493B579EEFE044512A814E3B /* main.swift in Sources */,
			);
			runOnlyForDeploymentPostprocessing = 0;
		};
/* End PBXSourcesBuildPhase section */

/* Begin XCBuildConfiguration section */
		030CDBF7A58EE2F9F1EF6E4D /* Release */ = {
			isa = XCBuildConfiguration;
			buildSettings = {
				ASSETCATALOG_COMPILER_APPICON_NAME = AppIcon;
				CODE_SIGN_IDENTITY = "iPhone Developer";
				CODE_SIGN_STYLE = Automatic;
				DEVELOPMENT_TEAM = JAAQKRTXQ6;
				INFOPLIST_FILE = "Reel-AI/Info.plist";
				LD_RUNPATH_SEARCH_PATHS = (
					"$(inherited)",
					"@executable_path/Frameworks",
				);
				PRODUCT_BUNDLE_IDENTIFIER = "gauntletai.Reel-AI";
				SDKROOT = iphoneos;
				TARGETED_DEVICE_FAMILY = "1,2";
			};
			name = Release;
		};
		17ED035F7CA8CAC39830347E /* Debug */ = {
			isa = XCBuildConfiguration;
			buildSettings = {
				ASSETCATALOG_COMPILER_APPICON_NAME = AppIcon;
				CODE_SIGN_IDENTITY = "iPhone Developer";
				CODE_SIGN_STYLE = Automatic;
				DEVELOPMENT_TEAM = JAAQKRTXQ6;
				INFOPLIST_FILE = "Reel-AI/Info.plist";
				LD_RUNPATH_SEARCH_PATHS = (
					"$(inherited)",
					"@executable_path/Frameworks",
				);
				PRODUCT_BUNDLE_IDENTIFIER = "gauntletai.Reel-AI";
				SDKROOT = iphoneos;
				TARGETED_DEVICE_FAMILY = "1,2";
			};
			name = Debug;
		};
		42F56817FDAC068413FD7301 /* Debug */ = {
			isa = XCBuildConfiguration;
			buildSettings = {
				ALWAYS_SEARCH_USER_PATHS = NO;
				CLANG_ANALYZER_NONNULL = YES;
				CLANG_ANALYZER_NUMBER_OBJECT_CONVERSION = YES_AGGRESSIVE;
				CLANG_CXX_LANGUAGE_STANDARD = "gnu++14";
				CLANG_CXX_LIBRARY = "libc++";
				CLANG_ENABLE_MODULES = YES;
				CLANG_ENABLE_OBJC_ARC = YES;
				CLANG_ENABLE_OBJC_WEAK = YES;
				CLANG_WARN_BLOCK_CAPTURE_AUTORELEASING = YES;
				CLANG_WARN_BOOL_CONVERSION = YES;
				CLANG_WARN_COMMA = YES;
				CLANG_WARN_CONSTANT_CONVERSION = YES;
				CLANG_WARN_DEPRECATED_OBJC_IMPLEMENTATIONS = YES;
				CLANG_WARN_DIRECT_OBJC_ISA_USAGE = YES_ERROR;
				CLANG_WARN_DOCUMENTATION_COMMENTS = YES;
				CLANG_WARN_EMPTY_BODY = YES;
				CLANG_WARN_ENUM_CONVERSION = YES;
				CLANG_WARN_INFINITE_RECURSION = YES;
				CLANG_WARN_INT_CONVERSION = YES;
				CLANG_WARN_NON_LITERAL_NULL_CONVERSION = YES;
				CLANG_WARN_OBJC_IMPLICIT_RETAIN_SELF = YES;
				CLANG_WARN_OBJC_LITERAL_CONVERSION = YES;
				CLANG_WARN_OBJC_ROOT_CLASS = YES_ERROR;
				CLANG_WARN_QUOTED_INCLUDE_IN_FRAMEWORK_HEADER = YES;
				CLANG_WARN_RANGE_LOOP_ANALYSIS = YES;
				CLANG_WARN_STRICT_PROTOTYPES = YES;
				CLANG_WARN_SUSPICIOUS_MOVE = YES;
				CLANG_WARN_UNGUARDED_AVAILABILITY = YES_AGGRESSIVE;
				CLANG_WARN_UNREACHABLE_CODE = YES;
				CLANG_WARN__DUPLICATE_METHOD_MATCH = YES;
				COPY_PHASE_STRIP = NO;
				DEBUG_INFORMATION_FORMAT = dwarf;
				ENABLE_STRICT_OBJC_MSGSEND = YES;
				ENABLE_TESTABILITY = YES;
				GCC_C_LANGUAGE_STANDARD = gnu11;
				GCC_DYNAMIC_NO_PIC = NO;
				GCC_NO_COMMON_BLOCKS = YES;
				GCC_OPTIMIZATION_LEVEL = 0;
				GCC_PREPROCESSOR_DEFINITIONS = (
					"$(inherited)",
					"DEBUG=1",
				);
				GCC_WARN_64_TO_32_BIT_CONVERSION = YES;
				GCC_WARN_ABOUT_RETURN_TYPE = YES_ERROR;
				GCC_WARN_UNDECLARED_SELECTOR = YES;
				GCC_WARN_UNINITIALIZED_AUTOS = YES_AGGRESSIVE;
				GCC_WARN_UNUSED_FUNCTION = YES;
				GCC_WARN_UNUSED_VARIABLE = YES;
				IPHONEOS_DEPLOYMENT_TARGET = 16.0;
				MTL_ENABLE_DEBUG_INFO = INCLUDE_SOURCE;
				MTL_FAST_MATH = YES;
				ONLY_ACTIVE_ARCH = YES;
				PRODUCT_NAME = "$(TARGET_NAME)";
				SDKROOT = iphoneos;
				SWIFT_ACTIVE_COMPILATION_CONDITIONS = DEBUG;
				SWIFT_OPTIMIZATION_LEVEL = "-Onone";
				SWIFT_VERSION = 5.0;
			};
			name = Debug;
		};
		547235514ACC205B0C61F451 /* Release */ = {
			isa = XCBuildConfiguration;
			buildSettings = {
				ALWAYS_SEARCH_USER_PATHS = NO;
				CLANG_ANALYZER_NONNULL = YES;
				CLANG_ANALYZER_NUMBER_OBJECT_CONVERSION = YES_AGGRESSIVE;
				CLANG_CXX_LANGUAGE_STANDARD = "gnu++14";
				CLANG_CXX_LIBRARY = "libc++";
				CLANG_ENABLE_MODULES = YES;
				CLANG_ENABLE_OBJC_ARC = YES;
				CLANG_ENABLE_OBJC_WEAK = YES;
				CLANG_WARN_BLOCK_CAPTURE_AUTORELEASING = YES;
				CLANG_WARN_BOOL_CONVERSION = YES;
				CLANG_WARN_COMMA = YES;
				CLANG_WARN_CONSTANT_CONVERSION = YES;
				CLANG_WARN_DEPRECATED_OBJC_IMPLEMENTATIONS = YES;
				CLANG_WARN_DIRECT_OBJC_ISA_USAGE = YES_ERROR;
				CLANG_WARN_DOCUMENTATION_COMMENTS = YES;
				CLANG_WARN_EMPTY_BODY = YES;
				CLANG_WARN_ENUM_CONVERSION = YES;
				CLANG_WARN_INFINITE_RECURSION = YES;
				CLANG_WARN_INT_CONVERSION = YES;
				CLANG_WARN_NON_LITERAL_NULL_CONVERSION = YES;
				CLANG_WARN_OBJC_IMPLICIT_RETAIN_SELF = YES;
				CLANG_WARN_OBJC_LITERAL_CONVERSION = YES;
				CLANG_WARN_OBJC_ROOT_CLASS = YES_ERROR;
				CLANG_WARN_QUOTED_INCLUDE_IN_FRAMEWORK_HEADER = YES;
				CLANG_WARN_RANGE_LOOP_ANALYSIS = YES;
				CLANG_WARN_STRICT_PROTOTYPES = YES;
				CLANG_WARN_SUSPICIOUS_MOVE = YES;
				CLANG_WARN_UNGUARDED_AVAILABILITY = YES_AGGRESSIVE;
				CLANG_WARN_UNREACHABLE_CODE = YES;
				CLANG_WARN__DUPLICATE_METHOD_MATCH = YES;
				COPY_PHASE_STRIP = NO;
				DEBUG_INFORMATION_FORMAT = "dwarf-with-dsym";
				ENABLE_NS_ASSERTIONS = NO;
				ENABLE_STRICT_OBJC_MSGSEND = YES;
				GCC_C_LANGUAGE_STANDARD = gnu11;
				GCC_NO_COMMON_BLOCKS = YES;
				GCC_WARN_64_TO_32_BIT_CONVERSION = YES;
				GCC_WARN_ABOUT_RETURN_TYPE = YES_ERROR;
				GCC_WARN_UNDECLARED_SELECTOR = YES;
				GCC_WARN_UNINITIALIZED_AUTOS = YES_AGGRESSIVE;
				GCC_WARN_UNUSED_FUNCTION = YES;
				GCC_WARN_UNUSED_VARIABLE = YES;
				IPHONEOS_DEPLOYMENT_TARGET = 16.0;
				MTL_ENABLE_DEBUG_INFO = NO;
				MTL_FAST_MATH = YES;
				PRODUCT_NAME = "$(TARGET_NAME)";
				SDKROOT = iphoneos;
				SWIFT_COMPILATION_MODE = wholemodule;
				SWIFT_OPTIMIZATION_LEVEL = "-O";
				SWIFT_VERSION = 5.0;
			};
			name = Release;
		};
/* End XCBuildConfiguration section */

/* Begin XCConfigurationList section */
		AD1ED712799F918B7BEA92AF /* Build configuration list for PBXNativeTarget "Reel-AI" */ = {
			isa = XCConfigurationList;
			buildConfigurations = (
				17ED035F7CA8CAC39830347E /* Debug */,
				030CDBF7A58EE2F9F1EF6E4D /* Release */,
			);
			defaultConfigurationIsVisible = 0;
			defaultConfigurationName = Debug;
		};
		FBE6D897624CA04442F4FA7B /* Build configuration list for PBXProject "Reel-AI" */ = {
			isa = XCConfigurationList;
			buildConfigurations = (
				42F56817FDAC068413FD7301 /* Debug */,
				547235514ACC205B0C61F451 /* Release */,
			);
			defaultConfigurationIsVisible = 0;
			defaultConfigurationName = Debug;
		};
/* End XCConfigurationList section */

/* Begin XCRemoteSwiftPackageReference section */
		A8BB67BE6DF7BC90F335D4B0 /* XCRemoteSwiftPackageReference "sdk-for-apple" */ = {
			isa = XCRemoteSwiftPackageReference;
			repositoryURL = "https://github.com/appwrite/sdk-for-apple";
			requirement = {
				kind = upToNextMajorVersion;
				minimumVersion = 4.0.0;
			};
		};
/* End XCRemoteSwiftPackageReference section */

/* Begin XCSwiftPackageProductDependency section */
		DAAB4472A871DCDB13E8275C /* Appwrite */ = {
			isa = XCSwiftPackageProductDependency;
			package = A8BB67BE6DF7BC90F335D4B0 /* XCRemoteSwiftPackageReference "sdk-for-apple" */;
			productName = Appwrite;
		};
/* End XCSwiftPackageProductDependency section */
	};
	rootObject = 25AFC993B3189462EAD66D21 /* Project object */;
}
